
Microsoft Visual Studio Solution File, Format Version 12.00
# Visual Studio 2012
Project("{FAE04EC0-301F-11D3-BF4B-00C04F79EFBC}") = "ParticleDefense", "ParticleDefense\ParticleDefense.csproj", "{30BC5403-F86F-4551-9E08-3936D3E021EA}"
EndProject
Global
	GlobalSection(SolutionConfigurationPlatforms) = preSolution
		Debug|Any CPU = Debug|Any CPU
		Release|Any CPU = Release|Any CPU
	EndGlobalSection
	GlobalSection(ProjectConfigurationPlatforms) = postSolution
		{30BC5403-F86F-4551-9E08-3936D3E021EA}.Debug|Any CPU.ActiveCfg = Debug|Any CPU
		{30BC5403-F86F-4551-9E08-3936D3E021EA}.Debug|Any CPU.Build.0 = Debug|Any CPU
		{30BC5403-F86F-4551-9E08-3936D3E021EA}.Release|Any CPU.ActiveCfg = Release|Any CPU
		{30BC5403-F86F-4551-9E08-3936D3E021EA}.Release|Any CPU.Build.0 = Release|Any CPU
	EndGlobalSection
	GlobalSection(SolutionProperties) = preSolution
		HideSolutionNode = FALSE
	EndGlobalSection
EndGlobal
